{
  "version": 4,
  "terraform_version": "1.0.4",
  "serial": 81,
  "lineage": "845277c7-630e-4f3e-c7bf-eeae70c0a728",
  "outputs": {},
  "resources": [
    {
      "mode": "managed",
      "type": "aws_appsync_api_key",
      "name": "DivaDevOrderbookAppsyncApiKey",
      "provider": "provider[\"registry.terraform.io/hashicorp/aws\"]",
      "instances": [
        {
          "schema_version": 0,
          "attributes": {
            "api_id": "ubzofrwjovaw5l74guf2fkcmqy",
            "description": "Managed by Terraform",
            "expires": "2022-04-09T15:00:00Z",
            "id": "ubzofrwjovaw5l74guf2fkcmqy:da2-bwt3yugddnh4rg4rlnp6lp7upy",
            "key": "da2-bwt3yugddnh4rg4rlnp6lp7upy"
          },
          "sensitive_attributes": [],
          "private": "bnVsbA==",
          "dependencies": [
            "aws_appsync_graphql_api.DivaDevOrderbookAppsyncApi"
          ]
        }
      ]
    },
    {
      "mode": "managed",
      "type": "aws_appsync_datasource",
      "name": "DivaDevOrderbookDatasource",
      "provider": "provider[\"registry.terraform.io/hashicorp/aws\"]",
      "instances": [
        {
          "schema_version": 0,
          "attributes": {
            "api_id": "ubzofrwjovaw5l74guf2fkcmqy",
            "arn": "arn:aws:appsync:eu-west-2:835435380872:apis/ubzofrwjovaw5l74guf2fkcmqy/datasources/DivaDevOrderbookDatasource",
            "description": "",
            "dynamodb_config": [
              {
                "delta_sync_config": [],
                "region": "eu-west-2",
                "table_name": "DivaDevOrderbook0Table",
                "use_caller_credentials": false,
                "versioned": false
              }
            ],
            "elasticsearch_config": [],
            "http_config": [],
            "id": "ubzofrwjovaw5l74guf2fkcmqy-DivaDevOrderbookDatasource",
            "lambda_config": [],
            "name": "DivaDevOrderbookDatasource",
            "relational_database_config": [],
            "service_role_arn": "arn:aws:iam::835435380872:role/DivaDevOrderbookDatasourceRole",
            "type": "AMAZON_DYNAMODB"
          },
          "sensitive_attributes": [],
          "private": "bnVsbA==",
          "dependencies": [
            "aws_iam_role.DivaDevOrderbookDatasourceRole",
            "aws_appsync_graphql_api.DivaDevOrderbookAppsyncApi",
            "aws_dynamodb_table.DivaDevOrderbookTable"
          ]
        }
      ]
    },
    {
      "mode": "managed",
      "type": "aws_appsync_graphql_api",
      "name": "DivaDevOrderbookAppsyncApi",
      "provider": "provider[\"registry.terraform.io/hashicorp/aws\"]",
      "instances": [
        {
          "schema_version": 0,
          "attributes": {
            "additional_authentication_provider": [],
            "arn": "arn:aws:appsync:eu-west-2:835435380872:apis/ubzofrwjovaw5l74guf2fkcmqy",
            "authentication_type": "API_KEY",
            "id": "ubzofrwjovaw5l74guf2fkcmqy",
            "lambda_authorizer_config": [],
            "log_config": [],
            "name": "DivaDevOrderbookAppsyncApi",
            "openid_connect_config": [],
            "schema": "\n      schema {\n        query: Query\n        mutation: Mutation\n      }\n\n      type Signature {\n        signatureType: String!\n        r: String!\n        s: String!\n        v: String!\n      }\n\n      input SignatureInput {\n        signatureType: String!\n        r: String!\n        s: String!\n        v: String!\n      }\n\n      type Order {\n        id: ID!\n\n        pool: String!\n        feeRecipient: String!\n        takerTokenFeeAmount: String!\n        makerToken: String!\n        takerToken: String!\n        makerAmount: String!\n        takerAmount: String!\n        maker: String!\n        taker: String!\n        sender: String!\n        expiry: String!\n        salt: String!\n        chainId: Int!\n        verifyingContract: String!\n        signature: Signature!\n      }\n\n\n      type Mutation {\n        createOrder(\n          pool: String!\n          feeRecipient: String!\n          takerTokenFeeAmount: String!\n          makerToken: String!\n          takerToken: String!\n          makerAmount: String!\n          takerAmount: String!\n          maker: String!\n          taker: String!\n          sender: String!\n          expiry: String!\n          salt: String!\n          chainId: Int!\n          verifyingContract: String!\n          signature: SignatureInput!\n        ): Order\n      }\n      \n      type PaginatedOrders {\n        items: [Order]\n        nextToken: String!\n        count: Int\n      }\n    \n      type Query {\n        order(id: ID!): Order\n        orders(makerToken: String, limit: Int, nextToken: String): PaginatedOrders\n      }\n      ",
            "tags": {},
            "tags_all": {},
            "uris": {
              "GRAPHQL": "https://b3426qa3fvfwhdudxrr35wakym.appsync-api.eu-west-2.amazonaws.com/graphql",
              "REALTIME": "wss://b3426qa3fvfwhdudxrr35wakym.appsync-realtime-api.eu-west-2.amazonaws.com/graphql"
            },
            "user_pool_config": [],
            "xray_enabled": false
          },
          "sensitive_attributes": [],
          "private": "bnVsbA=="
        }
      ]
    },
    {
      "mode": "managed",
      "type": "aws_appsync_resolver",
      "name": "DivaDevOrderbookAppsyncResolverCreateOrder",
      "provider": "provider[\"registry.terraform.io/hashicorp/aws\"]",
      "instances": [
        {
          "schema_version": 0,
          "attributes": {
            "api_id": "ubzofrwjovaw5l74guf2fkcmqy",
            "arn": "arn:aws:appsync:eu-west-2:835435380872:apis/ubzofrwjovaw5l74guf2fkcmqy/types/Mutation/resolvers/createOrder",
            "caching_config": [],
            "data_source": "DivaDevOrderbookDatasource",
            "field": "createOrder",
            "id": "ubzofrwjovaw5l74guf2fkcmqy-Mutation-createOrder",
            "kind": "UNIT",
            "max_batch_size": 0,
            "pipeline_config": [],
            "request_template": "{\n        \"version\" : \"2017-02-28\",\n        \"operation\" : \"PutItem\",\n        \"key\" : {\n          \"id\": $util.dynamodb.toDynamoDBJson($util.autoId())\n        },\n        \"attributeValues\" : $util.dynamodb.toMapValuesJson($ctx.args)\n    }",
            "response_template": "$util.toJson($ctx.result)",
            "sync_config": [],
            "type": "Mutation"
          },
          "sensitive_attributes": [],
          "private": "bnVsbA==",
          "dependencies": [
            "aws_appsync_graphql_api.DivaDevOrderbookAppsyncApi",
            "aws_dynamodb_table.DivaDevOrderbookTable",
            "aws_iam_role.DivaDevOrderbookDatasourceRole",
            "aws_appsync_datasource.DivaDevOrderbookDatasource"
          ]
        }
      ]
    },
    {
      "mode": "managed",
      "type": "aws_appsync_resolver",
      "name": "DivaDevOrderbookAppsyncResolverGetOrder",
      "provider": "provider[\"registry.terraform.io/hashicorp/aws\"]",
      "instances": [
        {
          "schema_version": 0,
          "attributes": {
            "api_id": "ubzofrwjovaw5l74guf2fkcmqy",
            "arn": "arn:aws:appsync:eu-west-2:835435380872:apis/ubzofrwjovaw5l74guf2fkcmqy/types/Query/resolvers/order",
            "caching_config": [],
            "data_source": "DivaDevOrderbookDatasource",
            "field": "order",
            "id": "ubzofrwjovaw5l74guf2fkcmqy-Query-order",
            "kind": "UNIT",
            "max_batch_size": 0,
            "pipeline_config": [],
            "request_template": "{\n        \"version\": \"2017-02-28\",\n        \"operation\": \"GetItem\",\n        \"key\" : {\n            \"id\" : $util.dynamodb.toDynamoDBJson($ctx.args.id)\n        }\n      }",
            "response_template": "$util.toJson($ctx.result)",
            "sync_config": [],
            "type": "Query"
          },
          "sensitive_attributes": [],
          "private": "bnVsbA==",
          "dependencies": [
            "aws_appsync_datasource.DivaDevOrderbookDatasource",
            "aws_appsync_graphql_api.DivaDevOrderbookAppsyncApi",
            "aws_dynamodb_table.DivaDevOrderbookTable",
            "aws_iam_role.DivaDevOrderbookDatasourceRole"
          ]
        }
      ]
    },
    {
      "mode": "managed",
      "type": "aws_appsync_resolver",
      "name": "DivaDevOrderbookAppsyncResolverGetOrders",
      "provider": "provider[\"registry.terraform.io/hashicorp/aws\"]",
      "instances": [
        {
          "schema_version": 0,
          "attributes": {
            "api_id": "ubzofrwjovaw5l74guf2fkcmqy",
            "arn": "arn:aws:appsync:eu-west-2:835435380872:apis/ubzofrwjovaw5l74guf2fkcmqy/types/Query/resolvers/orders",
            "caching_config": [],
            "data_source": "DivaDevOrderbookDatasource",
            "field": "orders",
            "id": "ubzofrwjovaw5l74guf2fkcmqy-Query-orders",
            "kind": "UNIT",
            "max_batch_size": 0,
            "pipeline_config": [],
            "request_template": "{\n        \"version\" : \"2017-02-28\",\n        \"operation\" : \"Query\"\n        #if($ctx.args.count)\n          ,\"limit\": $util.toJson($ctx.args.count)\n        #end\n        #if($ctx.args.nextToken)\n          ,\"nextToken\": $util.toJson($ctx.args.nextToken)\n        #end\n        #if($ctx.args.makerToken)\n        ,\"query\" : {\n          \"expression\": \"makerToken = :makerToken\",\n            \"expressionValues\" : {\n              \":makerToken\" : $util.dynamodb.toDynamoDBJson($context.arguments.makerToken)\n            }\n        }\n        #end\n    }",
            "response_template": "$util.toJson($ctx.result)",
            "sync_config": [],
            "type": "Query"
          },
          "sensitive_attributes": [],
          "private": "bnVsbA==",
          "dependencies": [
            "aws_appsync_datasource.DivaDevOrderbookDatasource",
            "aws_appsync_graphql_api.DivaDevOrderbookAppsyncApi"
          ]
        }
      ]
    },
    {
      "mode": "managed",
      "type": "aws_dynamodb_table",
      "name": "DivaDevOrderbookTable",
      "provider": "provider[\"registry.terraform.io/hashicorp/aws\"]",
      "instances": [
        {
          "schema_version": 1,
          "attributes": {
            "arn": "arn:aws:dynamodb:eu-west-2:835435380872:table/DivaDevOrderbook0Table",
            "attribute": [
              {
                "name": "id",
                "type": "S"
              },
              {
                "name": "makerToken",
                "type": "S"
              }
            ],
            "billing_mode": "PROVISIONED",
            "global_secondary_index": [],
            "hash_key": "makerToken",
            "id": "DivaDevOrderbook0Table",
            "local_secondary_index": [],
            "name": "DivaDevOrderbook0Table",
            "point_in_time_recovery": [
              {
                "enabled": false
              }
            ],
            "range_key": "id",
            "read_capacity": 1,
            "replica": [],
            "restore_date_time": null,
            "restore_source_name": null,
            "restore_to_latest_time": null,
            "server_side_encryption": [],
            "stream_arn": "",
            "stream_enabled": false,
            "stream_label": "",
            "stream_view_type": "",
            "table_class": "",
            "tags": {},
            "tags_all": {},
            "timeouts": null,
            "ttl": [
              {
                "attribute_name": "",
                "enabled": false
              }
            ],
            "write_capacity": 1
          },
          "sensitive_attributes": [],
          "private": "eyJlMmJmYjczMC1lY2FhLTExZTYtOGY4OC0zNDM2M2JjN2M0YzAiOnsiY3JlYXRlIjoxODAwMDAwMDAwMDAwLCJkZWxldGUiOjYwMDAwMDAwMDAwMCwidXBkYXRlIjozNjAwMDAwMDAwMDAwfSwic2NoZW1hX3ZlcnNpb24iOiIxIn0="
        }
      ]
    },
    {
      "mode": "managed",
      "type": "aws_iam_role",
      "name": "DivaDevOrderbookDatasourceRole",
      "provider": "provider[\"registry.terraform.io/hashicorp/aws\"]",
      "instances": [
        {
          "schema_version": 0,
          "attributes": {
            "arn": "arn:aws:iam::835435380872:role/DivaDevOrderbookDatasourceRole",
            "assume_role_policy": "{\"Version\":\"2012-10-17\",\"Statement\":[{\"Effect\":\"Allow\",\"Principal\":{\"Service\":\"appsync.amazonaws.com\"},\"Action\":\"sts:AssumeRole\"}]}",
            "create_date": "2022-04-02T14:33:16Z",
            "description": "",
            "force_detach_policies": false,
            "id": "DivaDevOrderbookDatasourceRole",
            "inline_policy": [
              {
                "name": "DivaDevOrderbookDataSourcePolicy",
                "policy": "{\n        \"Version\": \"2012-10-17\",\n        \"Statement\": [\n          {\n            \"Action\": [\n              \"dynamodb:*\"\n            ],\n            \"Effect\": \"Allow\",\n            \"Resource\": [\n              \"arn:aws:dynamodb:eu-west-2:835435380872:table/DivaDevOrderbook0Table\"\n            ]\n          }\n        ]\n      }"
              }
            ],
            "managed_policy_arns": [],
            "max_session_duration": 3600,
            "name": "DivaDevOrderbookDatasourceRole",
            "name_prefix": "",
            "path": "/",
            "permissions_boundary": null,
            "tags": {},
            "tags_all": {},
            "unique_id": "AROA4FA6UICELA3E2W7MJ"
          },
          "sensitive_attributes": [],
          "private": "bnVsbA=="
        }
      ]
    },
    {
      "mode": "managed",
      "type": "aws_iam_role_policy",
      "name": "DivaDevOrderbookDatasourcePolicy",
      "provider": "provider[\"registry.terraform.io/hashicorp/aws\"]",
      "instances": [
        {
          "schema_version": 0,
          "attributes": {
            "id": "DivaDevOrderbookDatasourceRole:DivaDevOrderbookDataSourcePolicy",
            "name": "DivaDevOrderbookDataSourcePolicy",
            "name_prefix": null,
            "policy": "{\n        \"Version\": \"2012-10-17\",\n        \"Statement\": [\n          {\n            \"Action\": [\n              \"dynamodb:*\"\n            ],\n            \"Effect\": \"Allow\",\n            \"Resource\": [\n              \"arn:aws:dynamodb:eu-west-2:835435380872:table/DivaDevOrderbook0Table\"\n            ]\n          }\n        ]\n      }",
            "role": "DivaDevOrderbookDatasourceRole"
          },
          "sensitive_attributes": [],
          "private": "bnVsbA==",
          "dependencies": [
            "aws_iam_role.DivaDevOrderbookDatasourceRole",
            "aws_dynamodb_table.DivaDevOrderbookTable"
          ]
        }
      ]
    }
  ]
}
